
Microsoft Visual Studio Solution File, Format Version 12.00
# Visual Studio Version 16
VisualStudioVersion = 16.0.30621.155
MinimumVisualStudioVersion = 10.0.40219.1
Project("{FAE04EC0-301F-11D3-BF4B-00C04F79EFBC}") = "FirstConverterExample", "FirstConverterExample\FirstConverterExample.csproj", "{D4CB834C-74E2-45ED-B997-28272BF009E1}"
EndProject
Global
	GlobalSection(SolutionConfigurationPlatforms) = preSolution
		Debug|Any CPU = Debug|Any CPU
		Release|Any CPU = Release|Any CPU
	EndGlobalSection
	GlobalSection(ProjectConfigurationPlatforms) = postSolution
		{D4CB834C-74E2-45ED-B997-28272BF009E1}.Debug|Any CPU.ActiveCfg = Debug|Any CPU
		{D4CB834C-74E2-45ED-B997-28272BF009E1}.Debug|Any CPU.Build.0 = Debug|Any CPU
		{D4CB834C-74E2-45ED-B997-28272BF009E1}.Release|Any CPU.ActiveCfg = Release|Any CPU
		{D4CB834C-74E2-45ED-B997-28272BF009E1}.Release|Any CPU.Build.0 = Release|Any CPU
	EndGlobalSection
	GlobalSection(SolutionProperties) = preSolution
		HideSolutionNode = FALSE
	EndGlobalSection
	GlobalSection(ExtensibilityGlobals) = postSolution
		SolutionGuid = {B1CA55B2-8FBA-434F-9A9A-030DB4C2496E}
	EndGlobalSection
EndGlobal
