
Microsoft Visual Studio Solution File, Format Version 12.00
# Visual Studio Version 16
VisualStudioVersion = 16.0.30621.155
MinimumVisualStudioVersion = 10.0.40219.1
Project("{FAE04EC0-301F-11D3-BF4B-00C04F79EFBC}") = "Example1_Toggle", "Example1_Toggle\Example1_Toggle.csproj", "{4F75543F-7833-40FD-B5E6-BAAC515319C3}"
EndProject
Global
	GlobalSection(SolutionConfigurationPlatforms) = preSolution
		Debug|Any CPU = Debug|Any CPU
		Release|Any CPU = Release|Any CPU
	EndGlobalSection
	GlobalSection(ProjectConfigurationPlatforms) = postSolution
		{4F75543F-7833-40FD-B5E6-BAAC515319C3}.Debug|Any CPU.ActiveCfg = Debug|Any CPU
		{4F75543F-7833-40FD-B5E6-BAAC515319C3}.Debug|Any CPU.Build.0 = Debug|Any CPU
		{4F75543F-7833-40FD-B5E6-BAAC515319C3}.Release|Any CPU.ActiveCfg = Release|Any CPU
		{4F75543F-7833-40FD-B5E6-BAAC515319C3}.Release|Any CPU.Build.0 = Release|Any CPU
	EndGlobalSection
	GlobalSection(SolutionProperties) = preSolution
		HideSolutionNode = FALSE
	EndGlobalSection
	GlobalSection(ExtensibilityGlobals) = postSolution
		SolutionGuid = {4B6619CF-C36E-4727-A458-23A9E80D95D5}
	EndGlobalSection
EndGlobal
