
Microsoft Visual Studio Solution File, Format Version 12.00
# Visual Studio Version 16
VisualStudioVersion = 16.0.30621.155
MinimumVisualStudioVersion = 10.0.40219.1
Project("{FAE04EC0-301F-11D3-BF4B-00C04F79EFBC}") = "ShapeServer", "ShapeServer\ShapeServer.csproj", "{5443DA33-4A9D-445F-8DEC-A3B68E9F652C}"
EndProject
Global
	GlobalSection(SolutionConfigurationPlatforms) = preSolution
		Debug|Any CPU = Debug|Any CPU
		Release|Any CPU = Release|Any CPU
	EndGlobalSection
	GlobalSection(ProjectConfigurationPlatforms) = postSolution
		{5443DA33-4A9D-445F-8DEC-A3B68E9F652C}.Debug|Any CPU.ActiveCfg = Debug|Any CPU
		{5443DA33-4A9D-445F-8DEC-A3B68E9F652C}.Debug|Any CPU.Build.0 = Debug|Any CPU
		{5443DA33-4A9D-445F-8DEC-A3B68E9F652C}.Release|Any CPU.ActiveCfg = Release|Any CPU
		{5443DA33-4A9D-445F-8DEC-A3B68E9F652C}.Release|Any CPU.Build.0 = Release|Any CPU
	EndGlobalSection
	GlobalSection(SolutionProperties) = preSolution
		HideSolutionNode = FALSE
	EndGlobalSection
	GlobalSection(ExtensibilityGlobals) = postSolution
		SolutionGuid = {5D124BB5-9DCC-4DE2-B68F-8E09122EEBA3}
	EndGlobalSection
EndGlobal
